
Microsoft Visual Studio Solution File, Format Version 12.00
# Visual Studio Version 17
VisualStudioVersion = 17.8.34511.84
MinimumVisualStudioVersion = 10.0.40219.1
Project("{FAE04EC0-301F-11D3-BF4B-00C04F79EFBC}") = "CodePulse.API", "CodePulse.API\CodePulse.API.csproj", "{061563C7-94FF-49BC-B18E-7B9BBD216527}"
EndProject
Global
	GlobalSection(SolutionConfigurationPlatforms) = preSolution
		Debug|Any CPU = Debug|Any CPU
		Release|Any CPU = Release|Any CPU
	EndGlobalSection
	GlobalSection(ProjectConfigurationPlatforms) = postSolution
		{061563C7-94FF-49BC-B18E-7B9BBD216527}.Debug|Any CPU.ActiveCfg = Debug|Any CPU
		{061563C7-94FF-49BC-B18E-7B9BBD216527}.Debug|Any CPU.Build.0 = Debug|Any CPU
		{061563C7-94FF-49BC-B18E-7B9BBD216527}.Release|Any CPU.ActiveCfg = Release|Any CPU
		{061563C7-94FF-49BC-B18E-7B9BBD216527}.Release|Any CPU.Build.0 = Release|Any CPU
	EndGlobalSection
	GlobalSection(SolutionProperties) = preSolution
		HideSolutionNode = FALSE
	EndGlobalSection
	GlobalSection(ExtensibilityGlobals) = postSolution
		SolutionGuid = {DDE25E06-77EB-469B-9221-8689499ADDE3}
	EndGlobalSection
EndGlobal
